{
  "name": "purr-sist",
  "version": "0.0.0",
  "lockfileVersion": 1,
  "requires": true,
  "dependencies": {
    "xtal-latx": {
      "version": "0.0.44",
      "resolved": "https://registry.npmjs.org/xtal-latx/-/xtal-latx-0.0.44.tgz",
      "integrity": "sha512-oYr1MKX0Iiah+KavkBmexZenuYQ65aq2/XzduMo/VbUgcvTZCEEfkiSUZ/ci5yh87PvxVMebkP1ia+9OS6cAuQ=="
    }
  }
}
